
Microsoft Visual Studio Solution File, Format Version 12.00
# Visual Studio Version 17
VisualStudioVersion = 17.6.33829.357
MinimumVisualStudioVersion = 10.0.40219.1
Project("{9A19103F-16F7-4668-BE54-9A1E7A4F7556}") = "DLAdjApi", "DLAdjApi.csproj", "{7449B17A-201B-454F-A748-4573F4910979}"
EndProject
Project("{9A19103F-16F7-4668-BE54-9A1E7A4F7556}") = "RsaJwk.Core", "..\RsaJwt.Core\RsaJwk.Core.csproj", "{F69474B4-98DB-42F2-9168-2FC84EB234FB}"
EndProject
Global
	GlobalSection(SolutionConfigurationPlatforms) = preSolution
		Debug|Any CPU = Debug|Any CPU
		Release|Any CPU = Release|Any CPU
	EndGlobalSection
	GlobalSection(ProjectConfigurationPlatforms) = postSolution
		{7449B17A-201B-454F-A748-4573F4910979}.Debug|Any CPU.ActiveCfg = Debug|Any CPU
		{7449B17A-201B-454F-A748-4573F4910979}.Debug|Any CPU.Build.0 = Debug|Any CPU
		{7449B17A-201B-454F-A748-4573F4910979}.Release|Any CPU.ActiveCfg = Release|Any CPU
		{7449B17A-201B-454F-A748-4573F4910979}.Release|Any CPU.Build.0 = Release|Any CPU
		{F69474B4-98DB-42F2-9168-2FC84EB234FB}.Debug|Any CPU.ActiveCfg = Debug|Any CPU
		{F69474B4-98DB-42F2-9168-2FC84EB234FB}.Debug|Any CPU.Build.0 = Debug|Any CPU
		{F69474B4-98DB-42F2-9168-2FC84EB234FB}.Release|Any CPU.ActiveCfg = Release|Any CPU
		{F69474B4-98DB-42F2-9168-2FC84EB234FB}.Release|Any CPU.Build.0 = Release|Any CPU
	EndGlobalSection
	GlobalSection(SolutionProperties) = preSolution
		HideSolutionNode = FALSE
	EndGlobalSection
	GlobalSection(ExtensibilityGlobals) = postSolution
		SolutionGuid = {AC897C4D-6346-4804-8894-37D079FC2F9A}
	EndGlobalSection
EndGlobal
